
Microsoft Visual Studio Solution File, Format Version 12.00
# Visual Studio Version 17
VisualStudioVersion = 17.0.32014.148
MinimumVisualStudioVersion = 10.0.40219.1
Project("{FAE04EC0-301F-11D3-BF4B-00C04F79EFBC}") = "BookStore.Web", "BookStore.Web\BookStore.Web.csproj", "{46C50DB8-11B2-466E-A2D1-CC2CF4CD46A0}"
EndProject
Project("{FAE04EC0-301F-11D3-BF4B-00C04F79EFBC}") = "BookStore.Domain", "BookStore.Domain\BookStore.Domain.csproj", "{3E757435-9C11-4F61-B3C1-13FF483964AD}"
EndProject
Project("{FAE04EC0-301F-11D3-BF4B-00C04F79EFBC}") = "BookStore.Application", "BookStore.Application\BookStore.Application.csproj", "{79E8B0CF-0903-475E-8816-A9E37A9DC15F}"
EndProject
Project("{FAE04EC0-301F-11D3-BF4B-00C04F79EFBC}") = "BookStore.Infrastructure", "BookStore.Infrastructure\BookStore.Infrastructure.csproj", "{78159047-3DCF-4C65-8C71-FB7C04247BD1}"
EndProject
Global
	GlobalSection(SolutionConfigurationPlatforms) = preSolution
		Debug|Any CPU = Debug|Any CPU
		Release|Any CPU = Release|Any CPU
	EndGlobalSection
	GlobalSection(ProjectConfigurationPlatforms) = postSolution
		{46C50DB8-11B2-466E-A2D1-CC2CF4CD46A0}.Debug|Any CPU.ActiveCfg = Debug|Any CPU
		{46C50DB8-11B2-466E-A2D1-CC2CF4CD46A0}.Debug|Any CPU.Build.0 = Debug|Any CPU
		{46C50DB8-11B2-466E-A2D1-CC2CF4CD46A0}.Release|Any CPU.ActiveCfg = Release|Any CPU
		{46C50DB8-11B2-466E-A2D1-CC2CF4CD46A0}.Release|Any CPU.Build.0 = Release|Any CPU
		{3E757435-9C11-4F61-B3C1-13FF483964AD}.Debug|Any CPU.ActiveCfg = Debug|Any CPU
		{3E757435-9C11-4F61-B3C1-13FF483964AD}.Debug|Any CPU.Build.0 = Debug|Any CPU
		{3E757435-9C11-4F61-B3C1-13FF483964AD}.Release|Any CPU.ActiveCfg = Release|Any CPU
		{3E757435-9C11-4F61-B3C1-13FF483964AD}.Release|Any CPU.Build.0 = Release|Any CPU
		{79E8B0CF-0903-475E-8816-A9E37A9DC15F}.Debug|Any CPU.ActiveCfg = Debug|Any CPU
		{79E8B0CF-0903-475E-8816-A9E37A9DC15F}.Debug|Any CPU.Build.0 = Debug|Any CPU
		{79E8B0CF-0903-475E-8816-A9E37A9DC15F}.Release|Any CPU.ActiveCfg = Release|Any CPU
		{79E8B0CF-0903-475E-8816-A9E37A9DC15F}.Release|Any CPU.Build.0 = Release|Any CPU
		{78159047-3DCF-4C65-8C71-FB7C04247BD1}.Debug|Any CPU.ActiveCfg = Debug|Any CPU
		{78159047-3DCF-4C65-8C71-FB7C04247BD1}.Debug|Any CPU.Build.0 = Debug|Any CPU
		{78159047-3DCF-4C65-8C71-FB7C04247BD1}.Release|Any CPU.ActiveCfg = Release|Any CPU
		{78159047-3DCF-4C65-8C71-FB7C04247BD1}.Release|Any CPU.Build.0 = Release|Any CPU
	EndGlobalSection
	GlobalSection(SolutionProperties) = preSolution
		HideSolutionNode = FALSE
	EndGlobalSection
	GlobalSection(ExtensibilityGlobals) = postSolution
		SolutionGuid = {A6ABC0C6-82C4-4869-926C-5C5392A97A27}
	EndGlobalSection
EndGlobal
